// !$*UTF8*$!
{
	archiveVersion = 1;
	classes = {
	};
	objectVersion = 55;
	objects = {

/* Begin PBXBuildFile section */
		77449BE428847A0C0051147B /* SleepTrackerTableViewController.storyboard in Resources */ = {isa = PBXBuildFile; fileRef = 77449BE328847A0C0051147B /* SleepTrackerTableViewController.storyboard */; };
		77449BE62884CFDA0051147B /* DailySleepTrack.swift in Sources */ = {isa = PBXBuildFile; fileRef = 77449BE52884CFDA0051147B /* DailySleepTrack.swift */; };
		77449BE82884D0040051147B /* SleepTrackerTableViewController.swift in Sources */ = {isa = PBXBuildFile; fileRef = 77449BE72884D0040051147B /* SleepTrackerTableViewController.swift */; };
		77449BEA2884D2690051147B /* DailySleepTrackerTableViewCell.swift in Sources */ = {isa = PBXBuildFile; fileRef = 77449BE92884D2690051147B /* DailySleepTrackerTableViewCell.swift */; };
		84D7C3342885414C00F1A0C5 /* SleepBasedViewController.swift in Sources */ = {isa = PBXBuildFile; fileRef = 84D7C3332885414C00F1A0C5 /* SleepBasedViewController.swift */; };
		84D7C3362885446200F1A0C5 /* SleepBasedRecommendCell.swift in Sources */ = {isa = PBXBuildFile; fileRef = 84D7C3352885446200F1A0C5 /* SleepBasedRecommendCell.swift */; };
		84D7C33828854AC400F1A0C5 /* AlarmTime.swift in Sources */ = {isa = PBXBuildFile; fileRef = 84D7C33728854AC400F1A0C5 /* AlarmTime.swift */; };
		84D7C33C288559DD00F1A0C5 /* AwakeBasedRecommendCell.swift in Sources */ = {isa = PBXBuildFile; fileRef = 84D7C33B288559DD00F1A0C5 /* AwakeBasedRecommendCell.swift */; };
		84D7C33E28855AD500F1A0C5 /* AwakeBasedViewController.swift in Sources */ = {isa = PBXBuildFile; fileRef = 84D7C33D28855AD500F1A0C5 /* AwakeBasedViewController.swift */; };
		84D7C34228864EDA00F1A0C5 /* SleepBasedRecommendCell.xib in Resources */ = {isa = PBXBuildFile; fileRef = 84D7C34028864EDA00F1A0C5 /* SleepBasedRecommendCell.xib */; };
		84D7C34628864FF200F1A0C5 /* AwakeBasedRecommendCell.xib in Resources */ = {isa = PBXBuildFile; fileRef = 84D7C34428864FF200F1A0C5 /* AwakeBasedRecommendCell.xib */; };
		84E97A3828920EAB0079D7A6 /* UIApplication+.swift in Sources */ = {isa = PBXBuildFile; fileRef = 84E97A3728920EAB0079D7A6 /* UIApplication+.swift */; };
		90A8B3C7288441FC002E1D84 /* AlarmClockViewController.storyboard in Resources */ = {isa = PBXBuildFile; fileRef = 90A8B3C6288441FC002E1D84 /* AlarmClockViewController.storyboard */; };
		90A8B3C92884420A002E1D84 /* AlarmClockViewController.swift in Sources */ = {isa = PBXBuildFile; fileRef = 90A8B3C82884420A002E1D84 /* AlarmClockViewController.swift */; };
		A71944A728845374004FF1BE /* UIButton+.swift in Sources */ = {isa = PBXBuildFile; fileRef = A71944A628845374004FF1BE /* UIButton+.swift */; };
		A7257FDE28879A4C001A496D /* Alarm.swift in Sources */ = {isa = PBXBuildFile; fileRef = A7257FDD28879A4C001A496D /* Alarm.swift */; };
		A7257FE028879D60001A496D /* SleepRecord.swift in Sources */ = {isa = PBXBuildFile; fileRef = A7257FDF28879D60001A496D /* SleepRecord.swift */; };
		A7257FE32887B076001A496D /* Date+.swift in Sources */ = {isa = PBXBuildFile; fileRef = A7257FE22887B076001A496D /* Date+.swift */; };
		A7587AC82886BD2A00FFA04D /* AlarmListCell.xib in Resources */ = {isa = PBXBuildFile; fileRef = A7587AC72886BD2A00FFA04D /* AlarmListCell.xib */; };
		A7587ACA2886BD2F00FFA04D /* AlarmListCell.swift in Sources */ = {isa = PBXBuildFile; fileRef = A7587AC92886BD2F00FFA04D /* AlarmListCell.swift */; };
		A7F246D42883DC0A0099E6CE /* UIView+.swift in Sources */ = {isa = PBXBuildFile; fileRef = A7F246D32883DC0A0099E6CE /* UIView+.swift */; };
		A7F246D72883DC190099E6CE /* UIStackView+.swift in Sources */ = {isa = PBXBuildFile; fileRef = A7F246D62883DC190099E6CE /* UIStackView+.swift */; };
		A7F246D92883DD430099E6CE /* SleepSatisfacationViewController.swift in Sources */ = {isa = PBXBuildFile; fileRef = A7F246D82883DD430099E6CE /* SleepSatisfacationViewController.swift */; };
		A7F246DB2883DE580099E6CE /* SleepSatisfacationViewController.storyboard in Resources */ = {isa = PBXBuildFile; fileRef = A7F246DA2883DE580099E6CE /* SleepSatisfacationViewController.storyboard */; };
		A7F246DD2883EBA30099E6CE /* EmojiButton.swift in Sources */ = {isa = PBXBuildFile; fileRef = A7F246DC2883EBA30099E6CE /* EmojiButton.swift */; };
		A9D3D4732882EFB400EDF412 /* AlarmCalculatorViewController.storyboard in Resources */ = {isa = PBXBuildFile; fileRef = A9D3D4722882EFB400EDF412 /* AlarmCalculatorViewController.storyboard */; };
		A9D3D4772883F95800EDF412 /* AlarmCalculatorViewController.swift in Sources */ = {isa = PBXBuildFile; fileRef = A9D3D4762883F95800EDF412 /* AlarmCalculatorViewController.swift */; };
		B8B9D09E2881311300F98980 /* AppDelegate.swift in Sources */ = {isa = PBXBuildFile; fileRef = B8B9D09D2881311300F98980 /* AppDelegate.swift */; };
		B8B9D0A02881311300F98980 /* SceneDelegate.swift in Sources */ = {isa = PBXBuildFile; fileRef = B8B9D09F2881311300F98980 /* SceneDelegate.swift */; };
		B8B9D0A22881311300F98980 /* ViewController.swift in Sources */ = {isa = PBXBuildFile; fileRef = B8B9D0A12881311300F98980 /* ViewController.swift */; };
		B8B9D0A52881311300F98980 /* Main.storyboard in Resources */ = {isa = PBXBuildFile; fileRef = B8B9D0A32881311300F98980 /* Main.storyboard */; };
		B8B9D0A82881311300F98980 /* Inception.xcdatamodeld in Sources */ = {isa = PBXBuildFile; fileRef = B8B9D0A62881311300F98980 /* Inception.xcdatamodeld */; };
		B8B9D0AA2881311500F98980 /* Assets.xcassets in Resources */ = {isa = PBXBuildFile; fileRef = B8B9D0A92881311500F98980 /* Assets.xcassets */; };
		B8B9D0AD2881311500F98980 /* LaunchScreen.storyboard in Resources */ = {isa = PBXBuildFile; fileRef = B8B9D0AB2881311500F98980 /* LaunchScreen.storyboard */; };
/* End PBXBuildFile section */

/* Begin PBXFileReference section */
		77449BE328847A0C0051147B /* SleepTrackerTableViewController.storyboard */ = {isa = PBXFileReference; lastKnownFileType = file.storyboard; path = SleepTrackerTableViewController.storyboard; sourceTree = "<group>"; };
		77449BE52884CFDA0051147B /* DailySleepTrack.swift */ = {isa = PBXFileReference; fileEncoding = 4; lastKnownFileType = sourcecode.swift; path = DailySleepTrack.swift; sourceTree = "<group>"; };
		77449BE72884D0040051147B /* SleepTrackerTableViewController.swift */ = {isa = PBXFileReference; lastKnownFileType = sourcecode.swift; path = SleepTrackerTableViewController.swift; sourceTree = "<group>"; };
		77449BE92884D2690051147B /* DailySleepTrackerTableViewCell.swift */ = {isa = PBXFileReference; lastKnownFileType = sourcecode.swift; path = DailySleepTrackerTableViewCell.swift; sourceTree = "<group>"; };
		84D7C3332885414C00F1A0C5 /* SleepBasedViewController.swift */ = {isa = PBXFileReference; lastKnownFileType = sourcecode.swift; path = SleepBasedViewController.swift; sourceTree = "<group>"; };
		84D7C3352885446200F1A0C5 /* SleepBasedRecommendCell.swift */ = {isa = PBXFileReference; lastKnownFileType = sourcecode.swift; path = SleepBasedRecommendCell.swift; sourceTree = "<group>"; tabWidth = 2; };
		84D7C33728854AC400F1A0C5 /* AlarmTime.swift */ = {isa = PBXFileReference; lastKnownFileType = sourcecode.swift; path = AlarmTime.swift; sourceTree = "<group>"; };
		84D7C33B288559DD00F1A0C5 /* AwakeBasedRecommendCell.swift */ = {isa = PBXFileReference; lastKnownFileType = sourcecode.swift; path = AwakeBasedRecommendCell.swift; sourceTree = "<group>"; };
		84D7C33D28855AD500F1A0C5 /* AwakeBasedViewController.swift */ = {isa = PBXFileReference; lastKnownFileType = sourcecode.swift; path = AwakeBasedViewController.swift; sourceTree = "<group>"; };
		84D7C34028864EDA00F1A0C5 /* SleepBasedRecommendCell.xib */ = {isa = PBXFileReference; lastKnownFileType = file.xib; path = SleepBasedRecommendCell.xib; sourceTree = "<group>"; };
		84D7C34428864FF200F1A0C5 /* AwakeBasedRecommendCell.xib */ = {isa = PBXFileReference; lastKnownFileType = file.xib; path = AwakeBasedRecommendCell.xib; sourceTree = "<group>"; };
		84E97A3728920EAB0079D7A6 /* UIApplication+.swift */ = {isa = PBXFileReference; lastKnownFileType = sourcecode.swift; path = "UIApplication+.swift"; sourceTree = "<group>"; };
		90A8B3C6288441FC002E1D84 /* AlarmClockViewController.storyboard */ = {isa = PBXFileReference; lastKnownFileType = file.storyboard; path = AlarmClockViewController.storyboard; sourceTree = "<group>"; };
		90A8B3C82884420A002E1D84 /* AlarmClockViewController.swift */ = {isa = PBXFileReference; lastKnownFileType = sourcecode.swift; path = AlarmClockViewController.swift; sourceTree = "<group>"; };
		A71944A628845374004FF1BE /* UIButton+.swift */ = {isa = PBXFileReference; lastKnownFileType = sourcecode.swift; path = "UIButton+.swift"; sourceTree = "<group>"; };
		A7257FDD28879A4C001A496D /* Alarm.swift */ = {isa = PBXFileReference; lastKnownFileType = sourcecode.swift; path = Alarm.swift; sourceTree = "<group>"; };
		A7257FDF28879D60001A496D /* SleepRecord.swift */ = {isa = PBXFileReference; lastKnownFileType = sourcecode.swift; path = SleepRecord.swift; sourceTree = "<group>"; };
		A7257FE22887B076001A496D /* Date+.swift */ = {isa = PBXFileReference; lastKnownFileType = sourcecode.swift; path = "Date+.swift"; sourceTree = "<group>"; };
		A7587AC72886BD2A00FFA04D /* AlarmListCell.xib */ = {isa = PBXFileReference; fileEncoding = 4; lastKnownFileType = file.xib; path = AlarmListCell.xib; sourceTree = "<group>"; };
		A7587AC92886BD2F00FFA04D /* AlarmListCell.swift */ = {isa = PBXFileReference; fileEncoding = 4; lastKnownFileType = sourcecode.swift; path = AlarmListCell.swift; sourceTree = "<group>"; };
		A7F246D32883DC0A0099E6CE /* UIView+.swift */ = {isa = PBXFileReference; lastKnownFileType = sourcecode.swift; name = "UIView+.swift"; path = "Inception/Global/Extension/View/UIView+.swift"; sourceTree = SOURCE_ROOT; };
		A7F246D62883DC190099E6CE /* UIStackView+.swift */ = {isa = PBXFileReference; lastKnownFileType = sourcecode.swift; path = "UIStackView+.swift"; sourceTree = "<group>"; };
		A7F246D82883DD430099E6CE /* SleepSatisfacationViewController.swift */ = {isa = PBXFileReference; lastKnownFileType = sourcecode.swift; path = SleepSatisfacationViewController.swift; sourceTree = "<group>"; };
		A7F246DA2883DE580099E6CE /* SleepSatisfacationViewController.storyboard */ = {isa = PBXFileReference; lastKnownFileType = file.storyboard; path = SleepSatisfacationViewController.storyboard; sourceTree = "<group>"; };
		A7F246DC2883EBA30099E6CE /* EmojiButton.swift */ = {isa = PBXFileReference; lastKnownFileType = sourcecode.swift; path = EmojiButton.swift; sourceTree = "<group>"; };
		A9D3D4722882EFB400EDF412 /* AlarmCalculatorViewController.storyboard */ = {isa = PBXFileReference; lastKnownFileType = file.storyboard; path = AlarmCalculatorViewController.storyboard; sourceTree = "<group>"; };
		A9D3D4762883F95800EDF412 /* AlarmCalculatorViewController.swift */ = {isa = PBXFileReference; lastKnownFileType = sourcecode.swift; path = AlarmCalculatorViewController.swift; sourceTree = "<group>"; };
		B8B9D09A2881311300F98980 /* Inception.app */ = {isa = PBXFileReference; explicitFileType = wrapper.application; includeInIndex = 0; path = Inception.app; sourceTree = BUILT_PRODUCTS_DIR; };
		B8B9D09D2881311300F98980 /* AppDelegate.swift */ = {isa = PBXFileReference; lastKnownFileType = sourcecode.swift; path = AppDelegate.swift; sourceTree = "<group>"; };
		B8B9D09F2881311300F98980 /* SceneDelegate.swift */ = {isa = PBXFileReference; lastKnownFileType = sourcecode.swift; path = SceneDelegate.swift; sourceTree = "<group>"; };
		B8B9D0A12881311300F98980 /* ViewController.swift */ = {isa = PBXFileReference; lastKnownFileType = sourcecode.swift; path = ViewController.swift; sourceTree = "<group>"; };
		B8B9D0A42881311300F98980 /* Base */ = {isa = PBXFileReference; lastKnownFileType = file.storyboard; name = Base; path = Base.lproj/Main.storyboard; sourceTree = "<group>"; };
		B8B9D0A72881311300F98980 /* Inception.xcdatamodel */ = {isa = PBXFileReference; lastKnownFileType = wrapper.xcdatamodel; path = Inception.xcdatamodel; sourceTree = "<group>"; };
		B8B9D0A92881311500F98980 /* Assets.xcassets */ = {isa = PBXFileReference; lastKnownFileType = folder.assetcatalog; path = Assets.xcassets; sourceTree = "<group>"; };
		B8B9D0AC2881311500F98980 /* Base */ = {isa = PBXFileReference; lastKnownFileType = file.storyboard; name = Base; path = Base.lproj/LaunchScreen.storyboard; sourceTree = "<group>"; };
		B8B9D0AE2881311500F98980 /* Info.plist */ = {isa = PBXFileReference; lastKnownFileType = text.plist.xml; path = Info.plist; sourceTree = "<group>"; };
/* End PBXFileReference section */

/* Begin PBXFrameworksBuildPhase section */
		B8B9D0972881311300F98980 /* Frameworks */ = {
			isa = PBXFrameworksBuildPhase;
			buildActionMask = 2147483647;
			files = (
			);
			runOnlyForDeploymentPostprocessing = 0;
		};
/* End PBXFrameworksBuildPhase section */

/* Begin PBXGroup section */
		84E97A3628920E440079D7A6 /* App */ = {
			isa = PBXGroup;
			children = (
				84E97A3728920EAB0079D7A6 /* UIApplication+.swift */,
			);
			path = App;
			sourceTree = "<group>";
		};
		A719450F28856C58004FF1BE /* Views */ = {
			isa = PBXGroup;
			children = (
				A7F246DC2883EBA30099E6CE /* EmojiButton.swift */,
			);
			path = Views;
			sourceTree = "<group>";
		};
		A7257FE12887AFF5001A496D /* Date */ = {
			isa = PBXGroup;
			children = (
				A7257FE22887B076001A496D /* Date+.swift */,
			);
			path = Date;
			sourceTree = "<group>";
		};
		A7F246D52883DC100099E6CE /* View */ = {
			isa = PBXGroup;
			children = (
				A7F246D32883DC0A0099E6CE /* UIView+.swift */,
				A7F246D62883DC190099E6CE /* UIStackView+.swift */,
				A71944A628845374004FF1BE /* UIButton+.swift */,
			);
			path = View;
			sourceTree = "<group>";
		};
		B8B9D0912881311300F98980 = {
			isa = PBXGroup;
			children = (
				B8B9D09C2881311300F98980 /* Inception */,
				B8B9D09B2881311300F98980 /* Products */,
			);
			indentWidth = 2;
			sourceTree = "<group>";
			tabWidth = 2;
		};
		B8B9D09B2881311300F98980 /* Products */ = {
			isa = PBXGroup;
			children = (
				B8B9D09A2881311300F98980 /* Inception.app */,
			);
			name = Products;
			sourceTree = "<group>";
		};
		B8B9D09C2881311300F98980 /* Inception */ = {
			isa = PBXGroup;
			children = (
				B8B9D0B82881317E00F98980 /* Screens */,
				B8B9D0B62881314600F98980 /* Network */,
				B8B9D0B52881312C00F98980 /* Global */,
				B8B9D09D2881311300F98980 /* AppDelegate.swift */,
				B8B9D09F2881311300F98980 /* SceneDelegate.swift */,
				B8B9D0A12881311300F98980 /* ViewController.swift */,
				B8B9D0A32881311300F98980 /* Main.storyboard */,
				B8B9D0AB2881311500F98980 /* LaunchScreen.storyboard */,
				B8B9D0AE2881311500F98980 /* Info.plist */,
				B8B9D0A62881311300F98980 /* Inception.xcdatamodeld */,
			);
			indentWidth = 2;
			path = Inception;
			sourceTree = "<group>";
			tabWidth = 2;
		};
		B8B9D0B52881312C00F98980 /* Global */ = {
			isa = PBXGroup;
			children = (
				B8B9D0C2288132B300F98980 /* Resource */,
				B8B9D0C12881329900F98980 /* Extension */,
			);
			path = Global;
			sourceTree = "<group>";
		};
		B8B9D0B62881314600F98980 /* Network */ = {
			isa = PBXGroup;
			children = (
				B8B9D0B72881317000F98980 /* Models */,
			);
			path = Network;
			sourceTree = "<group>";
		};
		B8B9D0B72881317000F98980 /* Models */ = {
			isa = PBXGroup;
			children = (
				A7257FDD28879A4C001A496D /* Alarm.swift */,
				A7257FDF28879D60001A496D /* SleepRecord.swift */,
			);
			path = Models;
			sourceTree = "<group>";
		};
		B8B9D0B82881317E00F98980 /* Screens */ = {
			isa = PBXGroup;
			children = (
				B8B9D0BE2881324700F98980 /* AlarmClock */,
				B8B9D0BD2881323D00F98980 /* SleepTracker */,
				B8B9D0BC2881323200F98980 /* SleepSatisfaction */,
				B8B9D0BB288131FF00F98980 /* AlarmList */,
				B8B9D0B92881318E00F98980 /* AlarmCalculator */,
			);
			path = Screens;
			sourceTree = "<group>";
		};
		B8B9D0B92881318E00F98980 /* AlarmCalculator */ = {
			isa = PBXGroup;
			children = (
				A9D3D4762883F95800EDF412 /* AlarmCalculatorViewController.swift */,
				84D7C3332885414C00F1A0C5 /* SleepBasedViewController.swift */,
				84D7C33D28855AD500F1A0C5 /* AwakeBasedViewController.swift */,
				A9D3D4722882EFB400EDF412 /* AlarmCalculatorViewController.storyboard */,
				B8B9D0C02881326C00F98980 /* Cell */,
			);
			path = AlarmCalculator;
			sourceTree = "<group>";
		};
		B8B9D0BB288131FF00F98980 /* AlarmList */ = {
			isa = PBXGroup;
			children = (
				B8B9D0BF2881326800F98980 /* Cell */,
			);
			path = AlarmList;
			sourceTree = "<group>";
		};
		B8B9D0BC2881323200F98980 /* SleepSatisfaction */ = {
			isa = PBXGroup;
			children = (
				A719450F28856C58004FF1BE /* Views */,
				A7F246D82883DD430099E6CE /* SleepSatisfacationViewController.swift */,
				A7F246DA2883DE580099E6CE /* SleepSatisfacationViewController.storyboard */,
			);
			path = SleepSatisfaction;
			sourceTree = "<group>";
		};
		B8B9D0BD2881323D00F98980 /* SleepTracker */ = {
			isa = PBXGroup;
			children = (
				77449BE328847A0C0051147B /* SleepTrackerTableViewController.storyboard */,
				77449BE92884D2690051147B /* DailySleepTrackerTableViewCell.swift */,
				77449BE72884D0040051147B /* SleepTrackerTableViewController.swift */,
				77449BE52884CFDA0051147B /* DailySleepTrack.swift */,
			);
			path = SleepTracker;
			sourceTree = "<group>";
		};
		B8B9D0BE2881324700F98980 /* AlarmClock */ = {
			isa = PBXGroup;
			children = (
				90A8B3C6288441FC002E1D84 /* AlarmClockViewController.storyboard */,
				90A8B3C82884420A002E1D84 /* AlarmClockViewController.swift */,
			);
			path = AlarmClock;
			sourceTree = "<group>";
		};
		B8B9D0BF2881326800F98980 /* Cell */ = {
			isa = PBXGroup;
			children = (
				A7587AC92886BD2F00FFA04D /* AlarmListCell.swift */,
				A7587AC72886BD2A00FFA04D /* AlarmListCell.xib */,
			);
			path = Cell;
			sourceTree = "<group>";
		};
		B8B9D0C02881326C00F98980 /* Cell */ = {
			isa = PBXGroup;
			children = (
				84D7C3352885446200F1A0C5 /* SleepBasedRecommendCell.swift */,
				84D7C34028864EDA00F1A0C5 /* SleepBasedRecommendCell.xib */,
				84D7C33B288559DD00F1A0C5 /* AwakeBasedRecommendCell.swift */,
				84D7C34428864FF200F1A0C5 /* AwakeBasedRecommendCell.xib */,
				84D7C33728854AC400F1A0C5 /* AlarmTime.swift */,
			);
			path = Cell;
			sourceTree = "<group>";
		};
		B8B9D0C12881329900F98980 /* Extension */ = {
			isa = PBXGroup;
			children = (
				84E97A3628920E440079D7A6 /* App */,
				A7257FE12887AFF5001A496D /* Date */,
				A7F246D52883DC100099E6CE /* View */,
			);
			path = Extension;
			sourceTree = "<group>";
		};
		B8B9D0C2288132B300F98980 /* Resource */ = {
			isa = PBXGroup;
			children = (
				B8B9D0A92881311500F98980 /* Assets.xcassets */,
			);
			path = Resource;
			sourceTree = "<group>";
		};
/* End PBXGroup section */

/* Begin PBXNativeTarget section */
		B8B9D0992881311300F98980 /* Inception */ = {
			isa = PBXNativeTarget;
			buildConfigurationList = B8B9D0B12881311500F98980 /* Build configuration list for PBXNativeTarget "Inception" */;
			buildPhases = (
				B8B9D0962881311300F98980 /* Sources */,
				B8B9D0972881311300F98980 /* Frameworks */,
				B8B9D0982881311300F98980 /* Resources */,
			);
			buildRules = (
			);
			dependencies = (
			);
			name = Inception;
			productName = Inception;
			productReference = B8B9D09A2881311300F98980 /* Inception.app */;
			productType = "com.apple.product-type.application";
		};
/* End PBXNativeTarget section */

/* Begin PBXProject section */
		B8B9D0922881311300F98980 /* Project object */ = {
			isa = PBXProject;
			attributes = {
				BuildIndependentTargetsInParallel = 1;
				LastSwiftUpdateCheck = 1330;
				LastUpgradeCheck = 1330;
				TargetAttributes = {
					B8B9D0992881311300F98980 = {
						CreatedOnToolsVersion = 13.3;
					};
				};
			};
			buildConfigurationList = B8B9D0952881311300F98980 /* Build configuration list for PBXProject "Inception" */;
			compatibilityVersion = "Xcode 13.0";
			developmentRegion = en;
			hasScannedForEncodings = 0;
			knownRegions = (
				en,
				Base,
			);
			mainGroup = B8B9D0912881311300F98980;
			productRefGroup = B8B9D09B2881311300F98980 /* Products */;
			projectDirPath = "";
			projectRoot = "";
			targets = (
				B8B9D0992881311300F98980 /* Inception */,
			);
		};
/* End PBXProject section */

/* Begin PBXResourcesBuildPhase section */
		B8B9D0982881311300F98980 /* Resources */ = {
			isa = PBXResourcesBuildPhase;
			buildActionMask = 2147483647;
			files = (
				90A8B3C7288441FC002E1D84 /* AlarmClockViewController.storyboard in Resources */,
				B8B9D0AD2881311500F98980 /* LaunchScreen.storyboard in Resources */,
				84D7C34628864FF200F1A0C5 /* AwakeBasedRecommendCell.xib in Resources */,
				84D7C34228864EDA00F1A0C5 /* SleepBasedRecommendCell.xib in Resources */,
				A9D3D4732882EFB400EDF412 /* AlarmCalculatorViewController.storyboard in Resources */,
				B8B9D0AA2881311500F98980 /* Assets.xcassets in Resources */,
				77449BE428847A0C0051147B /* SleepTrackerTableViewController.storyboard in Resources */,
				A7F246DB2883DE580099E6CE /* SleepSatisfacationViewController.storyboard in Resources */,
				B8B9D0A52881311300F98980 /* Main.storyboard in Resources */,
				A7587AC82886BD2A00FFA04D /* AlarmListCell.xib in Resources */,
			);
			runOnlyForDeploymentPostprocessing = 0;
		};
/* End PBXResourcesBuildPhase section */

/* Begin PBXSourcesBuildPhase section */
		B8B9D0962881311300F98980 /* Sources */ = {
			isa = PBXSourcesBuildPhase;
			buildActionMask = 2147483647;
			files = (
				84D7C33828854AC400F1A0C5 /* AlarmTime.swift in Sources */,
				84D7C3342885414C00F1A0C5 /* SleepBasedViewController.swift in Sources */,
				84D7C33E28855AD500F1A0C5 /* AwakeBasedViewController.swift in Sources */,
				90A8B3C92884420A002E1D84 /* AlarmClockViewController.swift in Sources */,
				B8B9D0A22881311300F98980 /* ViewController.swift in Sources */,
				A7F246D72883DC190099E6CE /* UIStackView+.swift in Sources */,
				B8B9D09E2881311300F98980 /* AppDelegate.swift in Sources */,
				A9D3D4772883F95800EDF412 /* AlarmCalculatorViewController.swift in Sources */,
				84D7C3362885446200F1A0C5 /* SleepBasedRecommendCell.swift in Sources */,
				B8B9D0A02881311300F98980 /* SceneDelegate.swift in Sources */,
				84D7C33C288559DD00F1A0C5 /* AwakeBasedRecommendCell.swift in Sources */,
				A7257FE32887B076001A496D /* Date+.swift in Sources */,
				B8B9D0A02881311300F98980 /* SceneDelegate.swift in Sources */,
				A7257FE028879D60001A496D /* SleepRecord.swift in Sources */,
				A7F246DD2883EBA30099E6CE /* EmojiButton.swift in Sources */,
				A7F246D92883DD430099E6CE /* SleepSatisfacationViewController.swift in Sources */,
				84E97A3828920EAB0079D7A6 /* UIApplication+.swift in Sources */,
				A71944A728845374004FF1BE /* UIButton+.swift in Sources */,
				A7257FDE28879A4C001A496D /* Alarm.swift in Sources */,
				77449BE62884CFDA0051147B /* DailySleepTrack.swift in Sources */,
				77449BE82884D0040051147B /* SleepTrackerTableViewController.swift in Sources */,
				77449BEA2884D2690051147B /* DailySleepTrackerTableViewCell.swift in Sources */,
				A7F246DD2883EBA30099E6CE /* EmojiButton.swift in Sources */,
				A7F246D92883DD430099E6CE /* SleepSatisfacationViewController.swift in Sources */,
				A71944A728845374004FF1BE /* UIButton+.swift in Sources */,
				B8B9D0A82881311300F98980 /* Inception.xcdatamodeld in Sources */,
				A7587ACA2886BD2F00FFA04D /* AlarmListCell.swift in Sources */,
				A7F246D42883DC0A0099E6CE /* UIView+.swift in Sources */,
			);
			runOnlyForDeploymentPostprocessing = 0;
		};
/* End PBXSourcesBuildPhase section */

/* Begin PBXVariantGroup section */
		B8B9D0A32881311300F98980 /* Main.storyboard */ = {
			isa = PBXVariantGroup;
			children = (
				B8B9D0A42881311300F98980 /* Base */,
			);
			name = Main.storyboard;
			sourceTree = "<group>";
		};
		B8B9D0AB2881311500F98980 /* LaunchScreen.storyboard */ = {
			isa = PBXVariantGroup;
			children = (
				B8B9D0AC2881311500F98980 /* Base */,
			);
			name = LaunchScreen.storyboard;
			sourceTree = "<group>";
		};
/* End PBXVariantGroup section */

/* Begin XCBuildConfiguration section */
		B8B9D0AF2881311500F98980 /* Debug */ = {
			isa = XCBuildConfiguration;
			buildSettings = {
				ALWAYS_SEARCH_USER_PATHS = NO;
				CLANG_ANALYZER_NONNULL = YES;
				CLANG_ANALYZER_NUMBER_OBJECT_CONVERSION = YES_AGGRESSIVE;
				CLANG_CXX_LANGUAGE_STANDARD = "gnu++17";
				CLANG_ENABLE_MODULES = YES;
				CLANG_ENABLE_OBJC_ARC = YES;
				CLANG_ENABLE_OBJC_WEAK = YES;
				CLANG_WARN_BLOCK_CAPTURE_AUTORELEASING = YES;
				CLANG_WARN_BOOL_CONVERSION = YES;
				CLANG_WARN_COMMA = YES;
				CLANG_WARN_CONSTANT_CONVERSION = YES;
				CLANG_WARN_DEPRECATED_OBJC_IMPLEMENTATIONS = YES;
				CLANG_WARN_DIRECT_OBJC_ISA_USAGE = YES_ERROR;
				CLANG_WARN_DOCUMENTATION_COMMENTS = YES;
				CLANG_WARN_EMPTY_BODY = YES;
				CLANG_WARN_ENUM_CONVERSION = YES;
				CLANG_WARN_INFINITE_RECURSION = YES;
				CLANG_WARN_INT_CONVERSION = YES;
				CLANG_WARN_NON_LITERAL_NULL_CONVERSION = YES;
				CLANG_WARN_OBJC_IMPLICIT_RETAIN_SELF = YES;
				CLANG_WARN_OBJC_LITERAL_CONVERSION = YES;
				CLANG_WARN_OBJC_ROOT_CLASS = YES_ERROR;
				CLANG_WARN_QUOTED_INCLUDE_IN_FRAMEWORK_HEADER = YES;
				CLANG_WARN_RANGE_LOOP_ANALYSIS = YES;
				CLANG_WARN_STRICT_PROTOTYPES = YES;
				CLANG_WARN_SUSPICIOUS_MOVE = YES;
				CLANG_WARN_UNGUARDED_AVAILABILITY = YES_AGGRESSIVE;
				CLANG_WARN_UNREACHABLE_CODE = YES;
				CLANG_WARN__DUPLICATE_METHOD_MATCH = YES;
				COPY_PHASE_STRIP = NO;
				DEBUG_INFORMATION_FORMAT = dwarf;
				ENABLE_STRICT_OBJC_MSGSEND = YES;
				ENABLE_TESTABILITY = YES;
				GCC_C_LANGUAGE_STANDARD = gnu11;
				GCC_DYNAMIC_NO_PIC = NO;
				GCC_NO_COMMON_BLOCKS = YES;
				GCC_OPTIMIZATION_LEVEL = 0;
				GCC_PREPROCESSOR_DEFINITIONS = (
					"DEBUG=1",
					"$(inherited)",
				);
				GCC_WARN_64_TO_32_BIT_CONVERSION = YES;
				GCC_WARN_ABOUT_RETURN_TYPE = YES_ERROR;
				GCC_WARN_UNDECLARED_SELECTOR = YES;
				GCC_WARN_UNINITIALIZED_AUTOS = YES_AGGRESSIVE;
				GCC_WARN_UNUSED_FUNCTION = YES;
				GCC_WARN_UNUSED_VARIABLE = YES;
				IPHONEOS_DEPLOYMENT_TARGET = 15.4;
				MTL_ENABLE_DEBUG_INFO = INCLUDE_SOURCE;
				MTL_FAST_MATH = YES;
				ONLY_ACTIVE_ARCH = YES;
				SDKROOT = iphoneos;
				SWIFT_ACTIVE_COMPILATION_CONDITIONS = DEBUG;
				SWIFT_OPTIMIZATION_LEVEL = "-Onone";
			};
			name = Debug;
		};
		B8B9D0B02881311500F98980 /* Release */ = {
			isa = XCBuildConfiguration;
			buildSettings = {
				ALWAYS_SEARCH_USER_PATHS = NO;
				CLANG_ANALYZER_NONNULL = YES;
				CLANG_ANALYZER_NUMBER_OBJECT_CONVERSION = YES_AGGRESSIVE;
				CLANG_CXX_LANGUAGE_STANDARD = "gnu++17";
				CLANG_ENABLE_MODULES = YES;
				CLANG_ENABLE_OBJC_ARC = YES;
				CLANG_ENABLE_OBJC_WEAK = YES;
				CLANG_WARN_BLOCK_CAPTURE_AUTORELEASING = YES;
				CLANG_WARN_BOOL_CONVERSION = YES;
				CLANG_WARN_COMMA = YES;
				CLANG_WARN_CONSTANT_CONVERSION = YES;
				CLANG_WARN_DEPRECATED_OBJC_IMPLEMENTATIONS = YES;
				CLANG_WARN_DIRECT_OBJC_ISA_USAGE = YES_ERROR;
				CLANG_WARN_DOCUMENTATION_COMMENTS = YES;
				CLANG_WARN_EMPTY_BODY = YES;
				CLANG_WARN_ENUM_CONVERSION = YES;
				CLANG_WARN_INFINITE_RECURSION = YES;
				CLANG_WARN_INT_CONVERSION = YES;
				CLANG_WARN_NON_LITERAL_NULL_CONVERSION = YES;
				CLANG_WARN_OBJC_IMPLICIT_RETAIN_SELF = YES;
				CLANG_WARN_OBJC_LITERAL_CONVERSION = YES;
				CLANG_WARN_OBJC_ROOT_CLASS = YES_ERROR;
				CLANG_WARN_QUOTED_INCLUDE_IN_FRAMEWORK_HEADER = YES;
				CLANG_WARN_RANGE_LOOP_ANALYSIS = YES;
				CLANG_WARN_STRICT_PROTOTYPES = YES;
				CLANG_WARN_SUSPICIOUS_MOVE = YES;
				CLANG_WARN_UNGUARDED_AVAILABILITY = YES_AGGRESSIVE;
				CLANG_WARN_UNREACHABLE_CODE = YES;
				CLANG_WARN__DUPLICATE_METHOD_MATCH = YES;
				COPY_PHASE_STRIP = NO;
				DEBUG_INFORMATION_FORMAT = "dwarf-with-dsym";
				ENABLE_NS_ASSERTIONS = NO;
				ENABLE_STRICT_OBJC_MSGSEND = YES;
				GCC_C_LANGUAGE_STANDARD = gnu11;
				GCC_NO_COMMON_BLOCKS = YES;
				GCC_WARN_64_TO_32_BIT_CONVERSION = YES;
				GCC_WARN_ABOUT_RETURN_TYPE = YES_ERROR;
				GCC_WARN_UNDECLARED_SELECTOR = YES;
				GCC_WARN_UNINITIALIZED_AUTOS = YES_AGGRESSIVE;
				GCC_WARN_UNUSED_FUNCTION = YES;
				GCC_WARN_UNUSED_VARIABLE = YES;
				IPHONEOS_DEPLOYMENT_TARGET = 15.4;
				MTL_ENABLE_DEBUG_INFO = NO;
				MTL_FAST_MATH = YES;
				SDKROOT = iphoneos;
				SWIFT_COMPILATION_MODE = wholemodule;
				SWIFT_OPTIMIZATION_LEVEL = "-O";
				VALIDATE_PRODUCT = YES;
			};
			name = Release;
		};
		B8B9D0B22881311500F98980 /* Debug */ = {
			isa = XCBuildConfiguration;
			buildSettings = {
				ASSETCATALOG_COMPILER_APPICON_NAME = AppIcon;
				ASSETCATALOG_COMPILER_GLOBAL_ACCENT_COLOR_NAME = AccentColor;
				CODE_SIGN_STYLE = Automatic;
				CURRENT_PROJECT_VERSION = 1;
				DEVELOPMENT_TEAM = 83576S3D7F;
				GENERATE_INFOPLIST_FILE = YES;
				INFOPLIST_FILE = Inception/Info.plist;
				INFOPLIST_KEY_UIApplicationSupportsIndirectInputEvents = YES;
				INFOPLIST_KEY_UILaunchStoryboardName = LaunchScreen;
				INFOPLIST_KEY_UIMainStoryboardFile = Main;
				INFOPLIST_KEY_UISupportedInterfaceOrientations_iPad = "UIInterfaceOrientationPortrait UIInterfaceOrientationPortraitUpsideDown UIInterfaceOrientationLandscapeLeft UIInterfaceOrientationLandscapeRight";
				INFOPLIST_KEY_UISupportedInterfaceOrientations_iPhone = "UIInterfaceOrientationPortrait UIInterfaceOrientationLandscapeLeft UIInterfaceOrientationLandscapeRight";
				INFOPLIST_KEY_UIUserInterfaceStyle = Dark;
				LD_RUNPATH_SEARCH_PATHS = (
					"$(inherited)",
					"@executable_path/Frameworks",
				);
				MARKETING_VERSION = 1.0;
				PRODUCT_BUNDLE_IDENTIFIER = com.MC3.Inception;
				PRODUCT_NAME = "$(TARGET_NAME)";
				SWIFT_EMIT_LOC_STRINGS = YES;
				SWIFT_VERSION = 5.0;
				TARGETED_DEVICE_FAMILY = "1,2";
			};
			name = Debug;
		};
		B8B9D0B32881311500F98980 /* Release */ = {
			isa = XCBuildConfiguration;
			buildSettings = {
				ASSETCATALOG_COMPILER_APPICON_NAME = AppIcon;
				ASSETCATALOG_COMPILER_GLOBAL_ACCENT_COLOR_NAME = AccentColor;
				CODE_SIGN_STYLE = Automatic;
				CURRENT_PROJECT_VERSION = 1;
				DEVELOPMENT_TEAM = 83576S3D7F;
				GENERATE_INFOPLIST_FILE = YES;
				INFOPLIST_FILE = Inception/Info.plist;
				INFOPLIST_KEY_UIApplicationSupportsIndirectInputEvents = YES;
				INFOPLIST_KEY_UILaunchStoryboardName = LaunchScreen;
				INFOPLIST_KEY_UIMainStoryboardFile = Main;
				INFOPLIST_KEY_UISupportedInterfaceOrientations_iPad = "UIInterfaceOrientationPortrait UIInterfaceOrientationPortraitUpsideDown UIInterfaceOrientationLandscapeLeft UIInterfaceOrientationLandscapeRight";
				INFOPLIST_KEY_UISupportedInterfaceOrientations_iPhone = "UIInterfaceOrientationPortrait UIInterfaceOrientationLandscapeLeft UIInterfaceOrientationLandscapeRight";
				INFOPLIST_KEY_UIUserInterfaceStyle = Dark;
				LD_RUNPATH_SEARCH_PATHS = (
					"$(inherited)",
					"@executable_path/Frameworks",
				);
				MARKETING_VERSION = 1.0;
				PRODUCT_BUNDLE_IDENTIFIER = com.MC3.Inception;
				PRODUCT_NAME = "$(TARGET_NAME)";
				SWIFT_EMIT_LOC_STRINGS = YES;
				SWIFT_VERSION = 5.0;
				TARGETED_DEVICE_FAMILY = "1,2";
			};
			name = Release;
		};
/* End XCBuildConfiguration section */

/* Begin XCConfigurationList section */
		B8B9D0952881311300F98980 /* Build configuration list for PBXProject "Inception" */ = {
			isa = XCConfigurationList;
			buildConfigurations = (
				B8B9D0AF2881311500F98980 /* Debug */,
				B8B9D0B02881311500F98980 /* Release */,
			);
			defaultConfigurationIsVisible = 0;
			defaultConfigurationName = Release;
		};
		B8B9D0B12881311500F98980 /* Build configuration list for PBXNativeTarget "Inception" */ = {
			isa = XCConfigurationList;
			buildConfigurations = (
				B8B9D0B22881311500F98980 /* Debug */,
				B8B9D0B32881311500F98980 /* Release */,
			);
			defaultConfigurationIsVisible = 0;
			defaultConfigurationName = Release;
		};
/* End XCConfigurationList section */

/* Begin XCVersionGroup section */
		B8B9D0A62881311300F98980 /* Inception.xcdatamodeld */ = {
			isa = XCVersionGroup;
			children = (
				B8B9D0A72881311300F98980 /* Inception.xcdatamodel */,
			);
			currentVersion = B8B9D0A72881311300F98980 /* Inception.xcdatamodel */;
			path = Inception.xcdatamodeld;
			sourceTree = "<group>";
			versionGroupType = wrapper.xcdatamodel;
		};
/* End XCVersionGroup section */
	};
	rootObject = B8B9D0922881311300F98980 /* Project object */;
}
